
Microsoft Visual Studio Solution File, Format Version 12.00
Project("{FAE04EC0-301F-11D3-BF4B-00C04F79EFBC}") = "ServidorSubasta", "ServidorSubasta\ServidorSubasta.csproj", "{A69A8C6A-0A0B-49A7-931E-0F10F382780F}"
EndProject
Project("{FAE04EC0-301F-11D3-BF4B-00C04F79EFBC}") = "ClienteSubasta", "ClienteSubasta\ClienteSubasta.csproj", "{598B8C47-DD99-4DD9-A91E-9A46149353B4}"
EndProject
Global
	GlobalSection(SolutionConfigurationPlatforms) = preSolution
		Debug|Any CPU = Debug|Any CPU
		Release|Any CPU = Release|Any CPU
	EndGlobalSection
	GlobalSection(ProjectConfigurationPlatforms) = postSolution
		{A69A8C6A-0A0B-49A7-931E-0F10F382780F}.Debug|Any CPU.ActiveCfg = Debug|Any CPU
		{A69A8C6A-0A0B-49A7-931E-0F10F382780F}.Debug|Any CPU.Build.0 = Debug|Any CPU
		{A69A8C6A-0A0B-49A7-931E-0F10F382780F}.Release|Any CPU.ActiveCfg = Release|Any CPU
		{A69A8C6A-0A0B-49A7-931E-0F10F382780F}.Release|Any CPU.Build.0 = Release|Any CPU
		{598B8C47-DD99-4DD9-A91E-9A46149353B4}.Debug|Any CPU.ActiveCfg = Debug|Any CPU
		{598B8C47-DD99-4DD9-A91E-9A46149353B4}.Debug|Any CPU.Build.0 = Debug|Any CPU
		{598B8C47-DD99-4DD9-A91E-9A46149353B4}.Release|Any CPU.ActiveCfg = Release|Any CPU
		{598B8C47-DD99-4DD9-A91E-9A46149353B4}.Release|Any CPU.Build.0 = Release|Any CPU
	EndGlobalSection
EndGlobal
